
Microsoft Visual Studio Solution File, Format Version 12.00
# Visual Studio Version 17
VisualStudioVersion = 17.3.32922.545
MinimumVisualStudioVersion = 10.0.40219.1
Project("{FAE04EC0-301F-11D3-BF4B-00C04F79EFBC}") = "Presentacion", "Presentacion\Presentacion.csproj", "{AF7E6FC2-0A30-42CA-A6CB-25199B6FE968}"
EndProject
Project("{FAE04EC0-301F-11D3-BF4B-00C04F79EFBC}") = "Logica", "Logica\Logica.csproj", "{D6DA357A-F98D-451A-AE81-ACC3C4ADEB0A}"
EndProject
Project("{FAE04EC0-301F-11D3-BF4B-00C04F79EFBC}") = "Datos", "Datos\Datos.csproj", "{59430BB7-4FCC-44E4-9BD7-138B669C3567}"
EndProject
Project("{FAE04EC0-301F-11D3-BF4B-00C04F79EFBC}") = "Entidades", "Entidades\Entidades.csproj", "{325709E2-39A6-4CBF-8233-5B890B9C6A09}"
EndProject
Global
	GlobalSection(SolutionConfigurationPlatforms) = preSolution
		Debug|Any CPU = Debug|Any CPU
		Release|Any CPU = Release|Any CPU
	EndGlobalSection
	GlobalSection(ProjectConfigurationPlatforms) = postSolution
		{AF7E6FC2-0A30-42CA-A6CB-25199B6FE968}.Debug|Any CPU.ActiveCfg = Debug|Any CPU
		{AF7E6FC2-0A30-42CA-A6CB-25199B6FE968}.Debug|Any CPU.Build.0 = Debug|Any CPU
		{AF7E6FC2-0A30-42CA-A6CB-25199B6FE968}.Release|Any CPU.ActiveCfg = Release|Any CPU
		{AF7E6FC2-0A30-42CA-A6CB-25199B6FE968}.Release|Any CPU.Build.0 = Release|Any CPU
		{D6DA357A-F98D-451A-AE81-ACC3C4ADEB0A}.Debug|Any CPU.ActiveCfg = Debug|Any CPU
		{D6DA357A-F98D-451A-AE81-ACC3C4ADEB0A}.Debug|Any CPU.Build.0 = Debug|Any CPU
		{D6DA357A-F98D-451A-AE81-ACC3C4ADEB0A}.Release|Any CPU.ActiveCfg = Release|Any CPU
		{D6DA357A-F98D-451A-AE81-ACC3C4ADEB0A}.Release|Any CPU.Build.0 = Release|Any CPU
		{59430BB7-4FCC-44E4-9BD7-138B669C3567}.Debug|Any CPU.ActiveCfg = Debug|Any CPU
		{59430BB7-4FCC-44E4-9BD7-138B669C3567}.Debug|Any CPU.Build.0 = Debug|Any CPU
		{59430BB7-4FCC-44E4-9BD7-138B669C3567}.Release|Any CPU.ActiveCfg = Release|Any CPU
		{59430BB7-4FCC-44E4-9BD7-138B669C3567}.Release|Any CPU.Build.0 = Release|Any CPU
		{325709E2-39A6-4CBF-8233-5B890B9C6A09}.Debug|Any CPU.ActiveCfg = Debug|Any CPU
		{325709E2-39A6-4CBF-8233-5B890B9C6A09}.Debug|Any CPU.Build.0 = Debug|Any CPU
		{325709E2-39A6-4CBF-8233-5B890B9C6A09}.Release|Any CPU.ActiveCfg = Release|Any CPU
		{325709E2-39A6-4CBF-8233-5B890B9C6A09}.Release|Any CPU.Build.0 = Release|Any CPU
	EndGlobalSection
	GlobalSection(SolutionProperties) = preSolution
		HideSolutionNode = FALSE
	EndGlobalSection
	GlobalSection(ExtensibilityGlobals) = postSolution
		SolutionGuid = {F592FF5D-3936-41E0-8EB4-03E252D91F0E}
	EndGlobalSection
EndGlobal
